// !$*UTF8*$!
{
	archiveVersion = 1;
	classes = {
	};
	objectVersion = 46;
	objects = {

/* Begin PBXBuildFile section */
		752A331DA127F742FE3535E3 /* libPods-GitHubApiExploration.a in Frameworks */ = {isa = PBXBuildFile; fileRef = 341C9A8B8FA0E509A8823A26 /* libPods-GitHubApiExploration.a */; };
		F935D5B11C21E41C002A746E /* main.m in Sources */ = {isa = PBXBuildFile; fileRef = F935D5B01C21E41C002A746E /* main.m */; };
		F935D5B41C21E41C002A746E /* AppDelegate.m in Sources */ = {isa = PBXBuildFile; fileRef = F935D5B31C21E41C002A746E /* AppDelegate.m */; };
		F935D5BA1C21E41C002A746E /* Main.storyboard in Resources */ = {isa = PBXBuildFile; fileRef = F935D5B81C21E41C002A746E /* Main.storyboard */; };
		F935D5BC1C21E41C002A746E /* Assets.xcassets in Resources */ = {isa = PBXBuildFile; fileRef = F935D5BB1C21E41C002A746E /* Assets.xcassets */; };
		F935D5BF1C21E41C002A746E /* LaunchScreen.storyboard in Resources */ = {isa = PBXBuildFile; fileRef = F935D5BD1C21E41C002A746E /* LaunchScreen.storyboard */; };
		F935D5CA1C21E41C002A746E /* GitHubApiExplorationTests.m in Sources */ = {isa = PBXBuildFile; fileRef = F935D5C91C21E41C002A746E /* GitHubApiExplorationTests.m */; };
		F935D5D51C21E41C002A746E /* GitHubApiExplorationUITests.m in Sources */ = {isa = PBXBuildFile; fileRef = F935D5D41C21E41C002A746E /* GitHubApiExplorationUITests.m */; };
		F935D5E41C21E66E002A746E /* NetworkManager.m in Sources */ = {isa = PBXBuildFile; fileRef = F935D5E31C21E66E002A746E /* NetworkManager.m */; };
		F935D5E71C21E7CC002A746E /* HomeViewController.m in Sources */ = {isa = PBXBuildFile; fileRef = F935D5E61C21E7CC002A746E /* HomeViewController.m */; };
		F935D5EA1C21EDAA002A746E /* BaseViewController.m in Sources */ = {isa = PBXBuildFile; fileRef = F935D5E91C21EDAA002A746E /* BaseViewController.m */; };
/* End PBXBuildFile section */

/* Begin PBXContainerItemProxy section */
		F935D5C61C21E41C002A746E /* PBXContainerItemProxy */ = {
			isa = PBXContainerItemProxy;
			containerPortal = F935D5A41C21E41C002A746E /* Project object */;
			proxyType = 1;
			remoteGlobalIDString = F935D5AB1C21E41C002A746E;
			remoteInfo = GitHubApiExploration;
		};
		F935D5D11C21E41C002A746E /* PBXContainerItemProxy */ = {
			isa = PBXContainerItemProxy;
			containerPortal = F935D5A41C21E41C002A746E /* Project object */;
			proxyType = 1;
			remoteGlobalIDString = F935D5AB1C21E41C002A746E;
			remoteInfo = GitHubApiExploration;
		};
/* End PBXContainerItemProxy section */

/* Begin PBXFileReference section */
		063A9CA7D98F890900F2FEED /* Pods-GitHubApiExploration.release.xcconfig */ = {isa = PBXFileReference; includeInIndex = 1; lastKnownFileType = text.xcconfig; name = "Pods-GitHubApiExploration.release.xcconfig"; path = "Pods/Target Support Files/Pods-GitHubApiExploration/Pods-GitHubApiExploration.release.xcconfig"; sourceTree = "<group>"; };
		341C9A8B8FA0E509A8823A26 /* libPods-GitHubApiExploration.a */ = {isa = PBXFileReference; explicitFileType = archive.ar; includeInIndex = 0; path = "libPods-GitHubApiExploration.a"; sourceTree = BUILT_PRODUCTS_DIR; };
		C2EDB2ED74312312D900A51B /* Pods-GitHubApiExploration.debug.xcconfig */ = {isa = PBXFileReference; includeInIndex = 1; lastKnownFileType = text.xcconfig; name = "Pods-GitHubApiExploration.debug.xcconfig"; path = "Pods/Target Support Files/Pods-GitHubApiExploration/Pods-GitHubApiExploration.debug.xcconfig"; sourceTree = "<group>"; };
		F935D5AC1C21E41C002A746E /* GitHubApiExploration.app */ = {isa = PBXFileReference; explicitFileType = wrapper.application; includeInIndex = 0; path = GitHubApiExploration.app; sourceTree = BUILT_PRODUCTS_DIR; };
		F935D5B01C21E41C002A746E /* main.m */ = {isa = PBXFileReference; lastKnownFileType = sourcecode.c.objc; path = main.m; sourceTree = "<group>"; };
		F935D5B21C21E41C002A746E /* AppDelegate.h */ = {isa = PBXFileReference; lastKnownFileType = sourcecode.c.h; path = AppDelegate.h; sourceTree = "<group>"; };
		F935D5B31C21E41C002A746E /* AppDelegate.m */ = {isa = PBXFileReference; lastKnownFileType = sourcecode.c.objc; path = AppDelegate.m; sourceTree = "<group>"; };
		F935D5B91C21E41C002A746E /* Base */ = {isa = PBXFileReference; lastKnownFileType = file.storyboard; name = Base; path = Base.lproj/Main.storyboard; sourceTree = "<group>"; };
		F935D5BB1C21E41C002A746E /* Assets.xcassets */ = {isa = PBXFileReference; lastKnownFileType = folder.assetcatalog; path = Assets.xcassets; sourceTree = "<group>"; };
		F935D5BE1C21E41C002A746E /* Base */ = {isa = PBXFileReference; lastKnownFileType = file.storyboard; name = Base; path = Base.lproj/LaunchScreen.storyboard; sourceTree = "<group>"; };
		F935D5C01C21E41C002A746E /* Info.plist */ = {isa = PBXFileReference; lastKnownFileType = text.plist.xml; path = Info.plist; sourceTree = "<group>"; };
		F935D5C51C21E41C002A746E /* GitHubApiExplorationTests.xctest */ = {isa = PBXFileReference; explicitFileType = wrapper.cfbundle; includeInIndex = 0; path = GitHubApiExplorationTests.xctest; sourceTree = BUILT_PRODUCTS_DIR; };
		F935D5C91C21E41C002A746E /* GitHubApiExplorationTests.m */ = {isa = PBXFileReference; lastKnownFileType = sourcecode.c.objc; path = GitHubApiExplorationTests.m; sourceTree = "<group>"; };
		F935D5CB1C21E41C002A746E /* Info.plist */ = {isa = PBXFileReference; lastKnownFileType = text.plist.xml; path = Info.plist; sourceTree = "<group>"; };
		F935D5D01C21E41C002A746E /* GitHubApiExplorationUITests.xctest */ = {isa = PBXFileReference; explicitFileType = wrapper.cfbundle; includeInIndex = 0; path = GitHubApiExplorationUITests.xctest; sourceTree = BUILT_PRODUCTS_DIR; };
		F935D5D41C21E41C002A746E /* GitHubApiExplorationUITests.m */ = {isa = PBXFileReference; lastKnownFileType = sourcecode.c.objc; path = GitHubApiExplorationUITests.m; sourceTree = "<group>"; };
		F935D5D61C21E41C002A746E /* Info.plist */ = {isa = PBXFileReference; lastKnownFileType = text.plist.xml; path = Info.plist; sourceTree = "<group>"; };
		F935D5E21C21E66E002A746E /* NetworkManager.h */ = {isa = PBXFileReference; fileEncoding = 4; lastKnownFileType = sourcecode.c.h; path = NetworkManager.h; sourceTree = "<group>"; };
		F935D5E31C21E66E002A746E /* NetworkManager.m */ = {isa = PBXFileReference; fileEncoding = 4; lastKnownFileType = sourcecode.c.objc; path = NetworkManager.m; sourceTree = "<group>"; };
		F935D5E51C21E7CC002A746E /* HomeViewController.h */ = {isa = PBXFileReference; fileEncoding = 4; lastKnownFileType = sourcecode.c.h; path = HomeViewController.h; sourceTree = "<group>"; };
		F935D5E61C21E7CC002A746E /* HomeViewController.m */ = {isa = PBXFileReference; fileEncoding = 4; lastKnownFileType = sourcecode.c.objc; path = HomeViewController.m; sourceTree = "<group>"; };
		F935D5E81C21EDAA002A746E /* BaseViewController.h */ = {isa = PBXFileReference; fileEncoding = 4; lastKnownFileType = sourcecode.c.h; path = BaseViewController.h; sourceTree = "<group>"; };
		F935D5E91C21EDAA002A746E /* BaseViewController.m */ = {isa = PBXFileReference; fileEncoding = 4; lastKnownFileType = sourcecode.c.objc; path = BaseViewController.m; sourceTree = "<group>"; };
		F935D5ED1C21EF72002A746E /* Constants.pch */ = {isa = PBXFileReference; fileEncoding = 4; lastKnownFileType = sourcecode.c.h; path = Constants.pch; sourceTree = "<group>"; };
		F935D5EE1C21EFE7002A746E /* Headers.pch */ = {isa = PBXFileReference; fileEncoding = 4; lastKnownFileType = sourcecode.c.h; path = Headers.pch; sourceTree = "<group>"; };
/* End PBXFileReference section */

/* Begin PBXFrameworksBuildPhase section */
		F935D5A91C21E41C002A746E /* Frameworks */ = {
			isa = PBXFrameworksBuildPhase;
			buildActionMask = 2147483647;
			files = (
				752A331DA127F742FE3535E3 /* libPods-GitHubApiExploration.a in Frameworks */,
			);
			runOnlyForDeploymentPostprocessing = 0;
		};
		F935D5C21C21E41C002A746E /* Frameworks */ = {
			isa = PBXFrameworksBuildPhase;
			buildActionMask = 2147483647;
			files = (
			);
			runOnlyForDeploymentPostprocessing = 0;
		};
		F935D5CD1C21E41C002A746E /* Frameworks */ = {
			isa = PBXFrameworksBuildPhase;
			buildActionMask = 2147483647;
			files = (
			);
			runOnlyForDeploymentPostprocessing = 0;
		};
/* End PBXFrameworksBuildPhase section */

/* Begin PBXGroup section */
		312A2C9202960466077B4604 /* Frameworks */ = {
			isa = PBXGroup;
			children = (
				341C9A8B8FA0E509A8823A26 /* libPods-GitHubApiExploration.a */,
			);
			name = Frameworks;
			sourceTree = "<group>";
		};
		3B68888A3704AD25EB865A80 /* Pods */ = {
			isa = PBXGroup;
			children = (
				C2EDB2ED74312312D900A51B /* Pods-GitHubApiExploration.debug.xcconfig */,
				063A9CA7D98F890900F2FEED /* Pods-GitHubApiExploration.release.xcconfig */,
			);
			name = Pods;
			sourceTree = "<group>";
		};
		F935D5A31C21E41C002A746E = {
			isa = PBXGroup;
			children = (
				F935D5AE1C21E41C002A746E /* GitHubApiExploration */,
				F935D5C81C21E41C002A746E /* GitHubApiExplorationTests */,
				F935D5D31C21E41C002A746E /* GitHubApiExplorationUITests */,
				F935D5AD1C21E41C002A746E /* Products */,
				3B68888A3704AD25EB865A80 /* Pods */,
				312A2C9202960466077B4604 /* Frameworks */,
			);
			sourceTree = "<group>";
		};
		F935D5AD1C21E41C002A746E /* Products */ = {
			isa = PBXGroup;
			children = (
				F935D5AC1C21E41C002A746E /* GitHubApiExploration.app */,
				F935D5C51C21E41C002A746E /* GitHubApiExplorationTests.xctest */,
				F935D5D01C21E41C002A746E /* GitHubApiExplorationUITests.xctest */,
			);
			name = Products;
			sourceTree = "<group>";
		};
		F935D5AE1C21E41C002A746E /* GitHubApiExploration */ = {
			isa = PBXGroup;
			children = (
				F935D5B21C21E41C002A746E /* AppDelegate.h */,
				F935D5B31C21E41C002A746E /* AppDelegate.m */,
				F935D5E21C21E66E002A746E /* NetworkManager.h */,
				F935D5E31C21E66E002A746E /* NetworkManager.m */,
				F935D5ED1C21EF72002A746E /* Constants.pch */,
				F935D5EE1C21EFE7002A746E /* Headers.pch */,
				F935D5E51C21E7CC002A746E /* HomeViewController.h */,
				F935D5E61C21E7CC002A746E /* HomeViewController.m */,
				F935D5E81C21EDAA002A746E /* BaseViewController.h */,
				F935D5E91C21EDAA002A746E /* BaseViewController.m */,
				F935D5B81C21E41C002A746E /* Main.storyboard */,
				F935D5BB1C21E41C002A746E /* Assets.xcassets */,
				F935D5BD1C21E41C002A746E /* LaunchScreen.storyboard */,
				F935D5C01C21E41C002A746E /* Info.plist */,
				F935D5AF1C21E41C002A746E /* Supporting Files */,
			);
			path = GitHubApiExploration;
			sourceTree = "<group>";
		};
		F935D5AF1C21E41C002A746E /* Supporting Files */ = {
			isa = PBXGroup;
			children = (
				F935D5B01C21E41C002A746E /* main.m */,
			);
			name = "Supporting Files";
			sourceTree = "<group>";
		};
		F935D5C81C21E41C002A746E /* GitHubApiExplorationTests */ = {
			isa = PBXGroup;
			children = (
				F935D5C91C21E41C002A746E /* GitHubApiExplorationTests.m */,
				F935D5CB1C21E41C002A746E /* Info.plist */,
			);
			path = GitHubApiExplorationTests;
			sourceTree = "<group>";
		};
		F935D5D31C21E41C002A746E /* GitHubApiExplorationUITests */ = {
			isa = PBXGroup;
			children = (
				F935D5D41C21E41C002A746E /* GitHubApiExplorationUITests.m */,
				F935D5D61C21E41C002A746E /* Info.plist */,
			);
			path = GitHubApiExplorationUITests;
			sourceTree = "<group>";
		};
/* End PBXGroup section */

/* Begin PBXNativeTarget section */
		F935D5AB1C21E41C002A746E /* GitHubApiExploration */ = {
			isa = PBXNativeTarget;
			buildConfigurationList = F935D5D91C21E41C002A746E /* Build configuration list for PBXNativeTarget "GitHubApiExploration" */;
			buildPhases = (
				DDF70E3A4B92FC7BDAF11459 /* Check Pods Manifest.lock */,
				F935D5A81C21E41C002A746E /* Sources */,
				F935D5A91C21E41C002A746E /* Frameworks */,
				F935D5AA1C21E41C002A746E /* Resources */,
				1DF22CC762630D8DD6A8A382 /* Embed Pods Frameworks */,
				89B41161001BBF96D6FAF8BE /* Copy Pods Resources */,
			);
			buildRules = (
			);
			dependencies = (
			);
			name = GitHubApiExploration;
			productName = GitHubApiExploration;
			productReference = F935D5AC1C21E41C002A746E /* GitHubApiExploration.app */;
			productType = "com.apple.product-type.application";
		};
		F935D5C41C21E41C002A746E /* GitHubApiExplorationTests */ = {
			isa = PBXNativeTarget;
			buildConfigurationList = F935D5DC1C21E41C002A746E /* Build configuration list for PBXNativeTarget "GitHubApiExplorationTests" */;
			buildPhases = (
				F935D5C11C21E41C002A746E /* Sources */,
				F935D5C21C21E41C002A746E /* Frameworks */,
				F935D5C31C21E41C002A746E /* Resources */,
			);
			buildRules = (
			);
			dependencies = (
				F935D5C71C21E41C002A746E /* PBXTargetDependency */,
			);
			name = GitHubApiExplorationTests;
			productName = GitHubApiExplorationTests;
			productReference = F935D5C51C21E41C002A746E /* GitHubApiExplorationTests.xctest */;
			productType = "com.apple.product-type.bundle.unit-test";
		};
		F935D5CF1C21E41C002A746E /* GitHubApiExplorationUITests */ = {
			isa = PBXNativeTarget;
			buildConfigurationList = F935D5DF1C21E41C002A746E /* Build configuration list for PBXNativeTarget "GitHubApiExplorationUITests" */;
			buildPhases = (
				F935D5CC1C21E41C002A746E /* Sources */,
				F935D5CD1C21E41C002A746E /* Frameworks */,
				F935D5CE1C21E41C002A746E /* Resources */,
			);
			buildRules = (
			);
			dependencies = (
				F935D5D21C21E41C002A746E /* PBXTargetDependency */,
			);
			name = GitHubApiExplorationUITests;
			productName = GitHubApiExplorationUITests;
			productReference = F935D5D01C21E41C002A746E /* GitHubApiExplorationUITests.xctest */;
			productType = "com.apple.product-type.bundle.ui-testing";
		};
/* End PBXNativeTarget section */

/* Begin PBXProject section */
		F935D5A41C21E41C002A746E /* Project object */ = {
			isa = PBXProject;
			attributes = {
				LastUpgradeCheck = 0720;
				ORGANIZATIONNAME = Suresh;
				TargetAttributes = {
					F935D5AB1C21E41C002A746E = {
						CreatedOnToolsVersion = 7.2;
						DevelopmentTeam = SS2RACJE43;
					};
					F935D5C41C21E41C002A746E = {
						CreatedOnToolsVersion = 7.2;
						TestTargetID = F935D5AB1C21E41C002A746E;
					};
					F935D5CF1C21E41C002A746E = {
						CreatedOnToolsVersion = 7.2;
						TestTargetID = F935D5AB1C21E41C002A746E;
					};
				};
			};
			buildConfigurationList = F935D5A71C21E41C002A746E /* Build configuration list for PBXProject "GitHubApiExploration" */;
			compatibilityVersion = "Xcode 3.2";
			developmentRegion = English;
			hasScannedForEncodings = 0;
			knownRegions = (
				en,
				Base,
			);
			mainGroup = F935D5A31C21E41C002A746E;
			productRefGroup = F935D5AD1C21E41C002A746E /* Products */;
			projectDirPath = "";
			projectRoot = "";
			targets = (
				F935D5AB1C21E41C002A746E /* GitHubApiExploration */,
				F935D5C41C21E41C002A746E /* GitHubApiExplorationTests */,
				F935D5CF1C21E41C002A746E /* GitHubApiExplorationUITests */,
			);
		};
/* End PBXProject section */

/* Begin PBXResourcesBuildPhase section */
		F935D5AA1C21E41C002A746E /* Resources */ = {
			isa = PBXResourcesBuildPhase;
			buildActionMask = 2147483647;
			files = (
				F935D5BF1C21E41C002A746E /* LaunchScreen.storyboard in Resources */,
				F935D5BC1C21E41C002A746E /* Assets.xcassets in Resources */,
				F935D5BA1C21E41C002A746E /* Main.storyboard in Resources */,
			);
			runOnlyForDeploymentPostprocessing = 0;
		};
		F935D5C31C21E41C002A746E /* Resources */ = {
			isa = PBXResourcesBuildPhase;
			buildActionMask = 2147483647;
			files = (
			);
			runOnlyForDeploymentPostprocessing = 0;
		};
		F935D5CE1C21E41C002A746E /* Resources */ = {
			isa = PBXResourcesBuildPhase;
			buildActionMask = 2147483647;
			files = (
			);
			runOnlyForDeploymentPostprocessing = 0;
		};
/* End PBXResourcesBuildPhase section */

/* Begin PBXShellScriptBuildPhase section */
		1DF22CC762630D8DD6A8A382 /* Embed Pods Frameworks */ = {
			isa = PBXShellScriptBuildPhase;
			buildActionMask = 2147483647;
			files = (
			);
			inputPaths = (
			);
			name = "Embed Pods Frameworks";
			outputPaths = (
			);
			runOnlyForDeploymentPostprocessing = 0;
			shellPath = /bin/sh;
			shellScript = "\"${SRCROOT}/Pods/Target Support Files/Pods-GitHubApiExploration/Pods-GitHubApiExploration-frameworks.sh\"\n";
			showEnvVarsInLog = 0;
		};
		89B41161001BBF96D6FAF8BE /* Copy Pods Resources */ = {
			isa = PBXShellScriptBuildPhase;
			buildActionMask = 2147483647;
			files = (
			);
			inputPaths = (
			);
			name = "Copy Pods Resources";
			outputPaths = (
			);
			runOnlyForDeploymentPostprocessing = 0;
			shellPath = /bin/sh;
			shellScript = "\"${SRCROOT}/Pods/Target Support Files/Pods-GitHubApiExploration/Pods-GitHubApiExploration-resources.sh\"\n";
			showEnvVarsInLog = 0;
		};
		DDF70E3A4B92FC7BDAF11459 /* Check Pods Manifest.lock */ = {
			isa = PBXShellScriptBuildPhase;
			buildActionMask = 2147483647;
			files = (
			);
			inputPaths = (
			);
			name = "Check Pods Manifest.lock";
			outputPaths = (
			);
			runOnlyForDeploymentPostprocessing = 0;
			shellPath = /bin/sh;
			shellScript = "diff \"${PODS_ROOT}/../Podfile.lock\" \"${PODS_ROOT}/Manifest.lock\" > /dev/null\nif [[ $? != 0 ]] ; then\n    cat << EOM\nerror: The sandbox is not in sync with the Podfile.lock. Run 'pod install' or update your CocoaPods installation.\nEOM\n    exit 1\nfi\n";
			showEnvVarsInLog = 0;
		};
/* End PBXShellScriptBuildPhase section */

/* Begin PBXSourcesBuildPhase section */
		F935D5A81C21E41C002A746E /* Sources */ = {
			isa = PBXSourcesBuildPhase;
			buildActionMask = 2147483647;
			files = (
				F935D5B41C21E41C002A746E /* AppDelegate.m in Sources */,
				F935D5EA1C21EDAA002A746E /* BaseViewController.m in Sources */,
				F935D5E41C21E66E002A746E /* NetworkManager.m in Sources */,
				F935D5B11C21E41C002A746E /* main.m in Sources */,
				F935D5E71C21E7CC002A746E /* HomeViewController.m in Sources */,
			);
			runOnlyForDeploymentPostprocessing = 0;
		};
		F935D5C11C21E41C002A746E /* Sources */ = {
			isa = PBXSourcesBuildPhase;
			buildActionMask = 2147483647;
			files = (
				F935D5CA1C21E41C002A746E /* GitHubApiExplorationTests.m in Sources */,
			);
			runOnlyForDeploymentPostprocessing = 0;
		};
		F935D5CC1C21E41C002A746E /* Sources */ = {
			isa = PBXSourcesBuildPhase;
			buildActionMask = 2147483647;
			files = (
				F935D5D51C21E41C002A746E /* GitHubApiExplorationUITests.m in Sources */,
			);
			runOnlyForDeploymentPostprocessing = 0;
		};
/* End PBXSourcesBuildPhase section */

/* Begin PBXTargetDependency section */
		F935D5C71C21E41C002A746E /* PBXTargetDependency */ = {
			isa = PBXTargetDependency;
			target = F935D5AB1C21E41C002A746E /* GitHubApiExploration */;
			targetProxy = F935D5C61C21E41C002A746E /* PBXContainerItemProxy */;
		};
		F935D5D21C21E41C002A746E /* PBXTargetDependency */ = {
			isa = PBXTargetDependency;
			target = F935D5AB1C21E41C002A746E /* GitHubApiExploration */;
			targetProxy = F935D5D11C21E41C002A746E /* PBXContainerItemProxy */;
		};
/* End PBXTargetDependency section */

/* Begin PBXVariantGroup section */
		F935D5B81C21E41C002A746E /* Main.storyboard */ = {
			isa = PBXVariantGroup;
			children = (
				F935D5B91C21E41C002A746E /* Base */,
			);
			name = Main.storyboard;
			sourceTree = "<group>";
		};
		F935D5BD1C21E41C002A746E /* LaunchScreen.storyboard */ = {
			isa = PBXVariantGroup;
			children = (
				F935D5BE1C21E41C002A746E /* Base */,
			);
			name = LaunchScreen.storyboard;
			sourceTree = "<group>";
		};
/* End PBXVariantGroup section */

/* Begin XCBuildConfiguration section */
		F935D5D71C21E41C002A746E /* Debug */ = {
			isa = XCBuildConfiguration;
			buildSettings = {
				ALWAYS_SEARCH_USER_PATHS = NO;
				CLANG_CXX_LANGUAGE_STANDARD = "gnu++0x";
				CLANG_CXX_LIBRARY = "libc++";
				CLANG_ENABLE_MODULES = YES;
				CLANG_ENABLE_OBJC_ARC = YES;
				CLANG_WARN_BOOL_CONVERSION = YES;
				CLANG_WARN_CONSTANT_CONVERSION = YES;
				CLANG_WARN_DIRECT_OBJC_ISA_USAGE = YES_ERROR;
				CLANG_WARN_EMPTY_BODY = YES;
				CLANG_WARN_ENUM_CONVERSION = YES;
				CLANG_WARN_INT_CONVERSION = YES;
				CLANG_WARN_OBJC_ROOT_CLASS = YES_ERROR;
				CLANG_WARN_UNREACHABLE_CODE = YES;
				CLANG_WARN__DUPLICATE_METHOD_MATCH = YES;
				"CODE_SIGN_IDENTITY[sdk=iphoneos*]" = "iPhone Developer";
				COPY_PHASE_STRIP = NO;
				DEBUG_INFORMATION_FORMAT = dwarf;
				ENABLE_STRICT_OBJC_MSGSEND = YES;
				ENABLE_TESTABILITY = YES;
				GCC_C_LANGUAGE_STANDARD = gnu99;
				GCC_DYNAMIC_NO_PIC = NO;
				GCC_NO_COMMON_BLOCKS = YES;
				GCC_OPTIMIZATION_LEVEL = 0;
				GCC_PREPROCESSOR_DEFINITIONS = (
					"DEBUG=1",
					"$(inherited)",
				);
				GCC_WARN_64_TO_32_BIT_CONVERSION = YES;
				GCC_WARN_ABOUT_RETURN_TYPE = YES_ERROR;
				GCC_WARN_UNDECLARED_SELECTOR = YES;
				GCC_WARN_UNINITIALIZED_AUTOS = YES_AGGRESSIVE;
				GCC_WARN_UNUSED_FUNCTION = YES;
				GCC_WARN_UNUSED_VARIABLE = YES;
				IPHONEOS_DEPLOYMENT_TARGET = 9.2;
				MTL_ENABLE_DEBUG_INFO = YES;
				ONLY_ACTIVE_ARCH = YES;
				SDKROOT = iphoneos;
			};
			name = Debug;
		};
		F935D5D81C21E41C002A746E /* Release */ = {
			isa = XCBuildConfiguration;
			buildSettings = {
				ALWAYS_SEARCH_USER_PATHS = NO;
				CLANG_CXX_LANGUAGE_STANDARD = "gnu++0x";
				CLANG_CXX_LIBRARY = "libc++";
				CLANG_ENABLE_MODULES = YES;
				CLANG_ENABLE_OBJC_ARC = YES;
				CLANG_WARN_BOOL_CONVERSION = YES;
				CLANG_WARN_CONSTANT_CONVERSION = YES;
				CLANG_WARN_DIRECT_OBJC_ISA_USAGE = YES_ERROR;
				CLANG_WARN_EMPTY_BODY = YES;
				CLANG_WARN_ENUM_CONVERSION = YES;
				CLANG_WARN_INT_CONVERSION = YES;
				CLANG_WARN_OBJC_ROOT_CLASS = YES_ERROR;
				CLANG_WARN_UNREACHABLE_CODE = YES;
				CLANG_WARN__DUPLICATE_METHOD_MATCH = YES;
				"CODE_SIGN_IDENTITY[sdk=iphoneos*]" = "iPhone Developer";
				COPY_PHASE_STRIP = NO;
				DEBUG_INFORMATION_FORMAT = "dwarf-with-dsym";
				ENABLE_NS_ASSERTIONS = NO;
				ENABLE_STRICT_OBJC_MSGSEND = YES;
				GCC_C_LANGUAGE_STANDARD = gnu99;
				GCC_NO_COMMON_BLOCKS = YES;
				GCC_WARN_64_TO_32_BIT_CONVERSION = YES;
				GCC_WARN_ABOUT_RETURN_TYPE = YES_ERROR;
				GCC_WARN_UNDECLARED_SELECTOR = YES;
				GCC_WARN_UNINITIALIZED_AUTOS = YES_AGGRESSIVE;
				GCC_WARN_UNUSED_FUNCTION = YES;
				GCC_WARN_UNUSED_VARIABLE = YES;
				IPHONEOS_DEPLOYMENT_TARGET = 9.2;
				MTL_ENABLE_DEBUG_INFO = NO;
				SDKROOT = iphoneos;
				VALIDATE_PRODUCT = YES;
			};
			name = Release;
		};
		F935D5DA1C21E41C002A746E /* Debug */ = {
			isa = XCBuildConfiguration;
			baseConfigurationReference = C2EDB2ED74312312D900A51B /* Pods-GitHubApiExploration.debug.xcconfig */;
			buildSettings = {
				ASSETCATALOG_COMPILER_APPICON_NAME = AppIcon;
				CODE_SIGN_IDENTITY = "iPhone Developer: Suresh Kumar Durairaj (ZA83J5B76E)";
				"CODE_SIGN_IDENTITY[sdk=iphoneos*]" = "iPhone Developer: Suresh Kumar Durairaj (ZA83J5B76E)";
				INFOPLIST_FILE = GitHubApiExploration/Info.plist;
				LD_RUNPATH_SEARCH_PATHS = "$(inherited) @executable_path/Frameworks";
				PRODUCT_BUNDLE_IDENTIFIER = com.self.GitHubApiExploration;
				PRODUCT_NAME = "$(TARGET_NAME)";
				PROVISIONING_PROFILE = "";
			};
			name = Debug;
		};
		F935D5DB1C21E41C002A746E /* Release */ = {
			isa = XCBuildConfiguration;
			baseConfigurationReference = 063A9CA7D98F890900F2FEED /* Pods-GitHubApiExploration.release.xcconfig */;
			buildSettings = {
				ASSETCATALOG_COMPILER_APPICON_NAME = AppIcon;
				CODE_SIGN_IDENTITY = "iPhone Developer: Suresh Kumar Durairaj (ZA83J5B76E)";
				"CODE_SIGN_IDENTITY[sdk=iphoneos*]" = "iPhone Developer: Suresh Kumar Durairaj (ZA83J5B76E)";
				INFOPLIST_FILE = GitHubApiExploration/Info.plist;
				LD_RUNPATH_SEARCH_PATHS = "$(inherited) @executable_path/Frameworks";
				PRODUCT_BUNDLE_IDENTIFIER = com.self.GitHubApiExploration;
				PRODUCT_NAME = "$(TARGET_NAME)";
				PROVISIONING_PROFILE = "";
			};
			name = Release;
		};
		F935D5DD1C21E41C002A746E /* Debug */ = {
			isa = XCBuildConfiguration;
			buildSettings = {
				BUNDLE_LOADER = "$(TEST_HOST)";
				INFOPLIST_FILE = GitHubApiExplorationTests/Info.plist;
				LD_RUNPATH_SEARCH_PATHS = "$(inherited) @executable_path/Frameworks @loader_path/Frameworks";
				PRODUCT_BUNDLE_IDENTIFIER = com.self.GitHubApiExplorationTests;
				PRODUCT_NAME = "$(TARGET_NAME)";
				TEST_HOST = "$(BUILT_PRODUCTS_DIR)/GitHubApiExploration.app/GitHubApiExploration";
			};
			name = Debug;
		};
		F935D5DE1C21E41C002A746E /* Release */ = {
			isa = XCBuildConfiguration;
			buildSettings = {
				BUNDLE_LOADER = "$(TEST_HOST)";
				INFOPLIST_FILE = GitHubApiExplorationTests/Info.plist;
				LD_RUNPATH_SEARCH_PATHS = "$(inherited) @executable_path/Frameworks @loader_path/Frameworks";
				PRODUCT_BUNDLE_IDENTIFIER = com.self.GitHubApiExplorationTests;
				PRODUCT_NAME = "$(TARGET_NAME)";
				TEST_HOST = "$(BUILT_PRODUCTS_DIR)/GitHubApiExploration.app/GitHubApiExploration";
			};
			name = Release;
		};
		F935D5E01C21E41C002A746E /* Debug */ = {
			isa = XCBuildConfiguration;
			buildSettings = {
				INFOPLIST_FILE = GitHubApiExplorationUITests/Info.plist;
				LD_RUNPATH_SEARCH_PATHS = "$(inherited) @executable_path/Frameworks @loader_path/Frameworks";
				PRODUCT_BUNDLE_IDENTIFIER = com.self.GitHubApiExplorationUITests;
				PRODUCT_NAME = "$(TARGET_NAME)";
				TEST_TARGET_NAME = GitHubApiExploration;
				USES_XCTRUNNER = YES;
			};
			name = Debug;
		};
		F935D5E11C21E41C002A746E /* Release */ = {
			isa = XCBuildConfiguration;
			buildSettings = {
				INFOPLIST_FILE = GitHubApiExplorationUITests/Info.plist;
				LD_RUNPATH_SEARCH_PATHS = "$(inherited) @executable_path/Frameworks @loader_path/Frameworks";
				PRODUCT_BUNDLE_IDENTIFIER = com.self.GitHubApiExplorationUITests;
				PRODUCT_NAME = "$(TARGET_NAME)";
				TEST_TARGET_NAME = GitHubApiExploration;
				USES_XCTRUNNER = YES;
			};
			name = Release;
		};
/* End XCBuildConfiguration section */

/* Begin XCConfigurationList section */
		F935D5A71C21E41C002A746E /* Build configuration list for PBXProject "GitHubApiExploration" */ = {
			isa = XCConfigurationList;
			buildConfigurations = (
				F935D5D71C21E41C002A746E /* Debug */,
				F935D5D81C21E41C002A746E /* Release */,
			);
			defaultConfigurationIsVisible = 0;
			defaultConfigurationName = Release;
		};
		F935D5D91C21E41C002A746E /* Build configuration list for PBXNativeTarget "GitHubApiExploration" */ = {
			isa = XCConfigurationList;
			buildConfigurations = (
				F935D5DA1C21E41C002A746E /* Debug */,
				F935D5DB1C21E41C002A746E /* Release */,
			);
			defaultConfigurationIsVisible = 0;
			defaultConfigurationName = Release;
		};
		F935D5DC1C21E41C002A746E /* Build configuration list for PBXNativeTarget "GitHubApiExplorationTests" */ = {
			isa = XCConfigurationList;
			buildConfigurations = (
				F935D5DD1C21E41C002A746E /* Debug */,
				F935D5DE1C21E41C002A746E /* Release */,
			);
			defaultConfigurationIsVisible = 0;
			defaultConfigurationName = Release;
		};
		F935D5DF1C21E41C002A746E /* Build configuration list for PBXNativeTarget "GitHubApiExplorationUITests" */ = {
			isa = XCConfigurationList;
			buildConfigurations = (
				F935D5E01C21E41C002A746E /* Debug */,
				F935D5E11C21E41C002A746E /* Release */,
			);
			defaultConfigurationIsVisible = 0;
			defaultConfigurationName = Release;
		};
/* End XCConfigurationList section */
	};
	rootObject = F935D5A41C21E41C002A746E /* Project object */;
}
